// !$*UTF8*$!
{
	archiveVersion = 1;
	classes = {
	};
	objectVersion = 50;
	objects = {

/* Begin PBXBuildFile section */
		2D2EE50B22B05AB7008A981A /* AppDelegate.swift in Sources */ = {isa = PBXBuildFile; fileRef = 2D2EE50A22B05AB7008A981A /* AppDelegate.swift */; };
		2D2EE50D22B05AB7008A981A /* BrewerySearchViewController.swift in Sources */ = {isa = PBXBuildFile; fileRef = 2D2EE50C22B05AB7008A981A /* BrewerySearchViewController.swift */; };
		2D2EE51022B05AB7008A981A /* Main.storyboard in Resources */ = {isa = PBXBuildFile; fileRef = 2D2EE50E22B05AB7008A981A /* Main.storyboard */; };
		2D2EE51222B05AB8008A981A /* Assets.xcassets in Resources */ = {isa = PBXBuildFile; fileRef = 2D2EE51122B05AB8008A981A /* Assets.xcassets */; };
		2D2EE51522B05AB8008A981A /* LaunchScreen.storyboard in Resources */ = {isa = PBXBuildFile; fileRef = 2D2EE51322B05AB8008A981A /* LaunchScreen.storyboard */; };
		2D2EE51D22B0921E008A981A /* BreweryAPI.swift in Sources */ = {isa = PBXBuildFile; fileRef = 2D2EE51C22B0921E008A981A /* BreweryAPI.swift */; };
		2D2EE52322B0EA92008A981A /* BreweryTableViewController.swift in Sources */ = {isa = PBXBuildFile; fileRef = 2D2EE52222B0EA92008A981A /* BreweryTableViewController.swift */; };
		2D2EE52522B0EC7F008A981A /* BreweryCell.swift in Sources */ = {isa = PBXBuildFile; fileRef = 2D2EE52422B0EC7F008A981A /* BreweryCell.swift */; };
		2D2EE52722B1B177008A981A /* BreweryViewController.swift in Sources */ = {isa = PBXBuildFile; fileRef = 2D2EE52622B1B177008A981A /* BreweryViewController.swift */; };
		2D4589F422B34413000ED1CC /* AlertController.swift in Sources */ = {isa = PBXBuildFile; fileRef = 2D4589F322B34413000ED1CC /* AlertController.swift */; };
		43E785118C31C95FF8C228B3 /* Pods_Brewery_Near_Me.framework in Frameworks */ = {isa = PBXBuildFile; fileRef = FC5ACD9786CA12E6A1889ECB /* Pods_Brewery_Near_Me.framework */; };
/* End PBXBuildFile section */

/* Begin PBXFileReference section */
		116916CD4FC51D136073507F /* Pods-Brewery_Near_Me.debug.xcconfig */ = {isa = PBXFileReference; includeInIndex = 1; lastKnownFileType = text.xcconfig; name = "Pods-Brewery_Near_Me.debug.xcconfig"; path = "Target Support Files/Pods-Brewery_Near_Me/Pods-Brewery_Near_Me.debug.xcconfig"; sourceTree = "<group>"; };
		2D2EE50722B05AB7008A981A /* Brewery_Near_Me.app */ = {isa = PBXFileReference; explicitFileType = wrapper.application; includeInIndex = 0; path = Brewery_Near_Me.app; sourceTree = BUILT_PRODUCTS_DIR; };
		2D2EE50A22B05AB7008A981A /* AppDelegate.swift */ = {isa = PBXFileReference; lastKnownFileType = sourcecode.swift; path = AppDelegate.swift; sourceTree = "<group>"; };
		2D2EE50C22B05AB7008A981A /* BrewerySearchViewController.swift */ = {isa = PBXFileReference; lastKnownFileType = sourcecode.swift; path = BrewerySearchViewController.swift; sourceTree = "<group>"; };
		2D2EE50F22B05AB7008A981A /* Base */ = {isa = PBXFileReference; lastKnownFileType = file.storyboard; name = Base; path = Base.lproj/Main.storyboard; sourceTree = "<group>"; };
		2D2EE51122B05AB8008A981A /* Assets.xcassets */ = {isa = PBXFileReference; lastKnownFileType = folder.assetcatalog; path = Assets.xcassets; sourceTree = "<group>"; };
		2D2EE51422B05AB8008A981A /* Base */ = {isa = PBXFileReference; lastKnownFileType = file.storyboard; name = Base; path = Base.lproj/LaunchScreen.storyboard; sourceTree = "<group>"; };
		2D2EE51622B05AB9008A981A /* Info.plist */ = {isa = PBXFileReference; lastKnownFileType = text.plist.xml; path = Info.plist; sourceTree = "<group>"; };
		2D2EE51C22B0921E008A981A /* BreweryAPI.swift */ = {isa = PBXFileReference; lastKnownFileType = sourcecode.swift; path = BreweryAPI.swift; sourceTree = "<group>"; };
		2D2EE52222B0EA92008A981A /* BreweryTableViewController.swift */ = {isa = PBXFileReference; lastKnownFileType = sourcecode.swift; path = BreweryTableViewController.swift; sourceTree = "<group>"; };
		2D2EE52422B0EC7F008A981A /* BreweryCell.swift */ = {isa = PBXFileReference; lastKnownFileType = sourcecode.swift; path = BreweryCell.swift; sourceTree = "<group>"; };
		2D2EE52622B1B177008A981A /* BreweryViewController.swift */ = {isa = PBXFileReference; lastKnownFileType = sourcecode.swift; path = BreweryViewController.swift; sourceTree = "<group>"; };
		2D4589F322B34413000ED1CC /* AlertController.swift */ = {isa = PBXFileReference; lastKnownFileType = sourcecode.swift; path = AlertController.swift; sourceTree = "<group>"; };
		E8B9DC4E8583F0D32B9C5683 /* Pods-Brewery_Near_Me.release.xcconfig */ = {isa = PBXFileReference; includeInIndex = 1; lastKnownFileType = text.xcconfig; name = "Pods-Brewery_Near_Me.release.xcconfig"; path = "Target Support Files/Pods-Brewery_Near_Me/Pods-Brewery_Near_Me.release.xcconfig"; sourceTree = "<group>"; };
		FC5ACD9786CA12E6A1889ECB /* Pods_Brewery_Near_Me.framework */ = {isa = PBXFileReference; explicitFileType = wrapper.framework; includeInIndex = 0; path = Pods_Brewery_Near_Me.framework; sourceTree = BUILT_PRODUCTS_DIR; };
/* End PBXFileReference section */

/* Begin PBXFrameworksBuildPhase section */
		2D2EE50422B05AB7008A981A /* Frameworks */ = {
			isa = PBXFrameworksBuildPhase;
			buildActionMask = 2147483647;
			files = (
				43E785118C31C95FF8C228B3 /* Pods_Brewery_Near_Me.framework in Frameworks */,
			);
			runOnlyForDeploymentPostprocessing = 0;
		};
/* End PBXFrameworksBuildPhase section */

/* Begin PBXGroup section */
		2D2EE4FE22B05AB6008A981A = {
			isa = PBXGroup;
			children = (
				2D2EE50922B05AB7008A981A /* Brewery_Near_Me */,
				2D2EE50822B05AB7008A981A /* Products */,
				42956A3232A65F4052B15D8C /* Pods */,
				5493D4D37F78FB7465781B59 /* Frameworks */,
			);
			sourceTree = "<group>";
		};
		2D2EE50822B05AB7008A981A /* Products */ = {
			isa = PBXGroup;
			children = (
				2D2EE50722B05AB7008A981A /* Brewery_Near_Me.app */,
			);
			name = Products;
			sourceTree = "<group>";
		};
		2D2EE50922B05AB7008A981A /* Brewery_Near_Me */ = {
			isa = PBXGroup;
			children = (
				2D2EE50E22B05AB7008A981A /* Main.storyboard */,
				2D2EE50C22B05AB7008A981A /* BrewerySearchViewController.swift */,
				2D2EE52222B0EA92008A981A /* BreweryTableViewController.swift */,
				2D2EE52622B1B177008A981A /* BreweryViewController.swift */,
				2D4589F322B34413000ED1CC /* AlertController.swift */,
				2D2EE52422B0EC7F008A981A /* BreweryCell.swift */,
				2D2EE51C22B0921E008A981A /* BreweryAPI.swift */,
				2D2EE50A22B05AB7008A981A /* AppDelegate.swift */,
				2D2EE51122B05AB8008A981A /* Assets.xcassets */,
				2D2EE51322B05AB8008A981A /* LaunchScreen.storyboard */,
				2D2EE51622B05AB9008A981A /* Info.plist */,
			);
			path = Brewery_Near_Me;
			sourceTree = "<group>";
		};
		42956A3232A65F4052B15D8C /* Pods */ = {
			isa = PBXGroup;
			children = (
				116916CD4FC51D136073507F /* Pods-Brewery_Near_Me.debug.xcconfig */,
				E8B9DC4E8583F0D32B9C5683 /* Pods-Brewery_Near_Me.release.xcconfig */,
			);
			path = Pods;
			sourceTree = "<group>";
		};
		5493D4D37F78FB7465781B59 /* Frameworks */ = {
			isa = PBXGroup;
			children = (
				FC5ACD9786CA12E6A1889ECB /* Pods_Brewery_Near_Me.framework */,
			);
			name = Frameworks;
			sourceTree = "<group>";
		};
/* End PBXGroup section */

/* Begin PBXNativeTarget section */
		2D2EE50622B05AB7008A981A /* Brewery_Near_Me */ = {
			isa = PBXNativeTarget;
			buildConfigurationList = 2D2EE51922B05AB9008A981A /* Build configuration list for PBXNativeTarget "Brewery_Near_Me" */;
			buildPhases = (
				F724A0D393D4434DA5D4C6A2 /* [CP] Check Pods Manifest.lock */,
				2D91B00422B53AD7005A60A8 /* Format Code */,
				2D2EE50322B05AB7008A981A /* Sources */,
				2D2EE50422B05AB7008A981A /* Frameworks */,
				2D2EE50522B05AB7008A981A /* Resources */,
			);
			buildRules = (
			);
			dependencies = (
			);
			name = Brewery_Near_Me;
			productName = Brewery_Near_Me;
			productReference = 2D2EE50722B05AB7008A981A /* Brewery_Near_Me.app */;
			productType = "com.apple.product-type.application";
		};
/* End PBXNativeTarget section */

/* Begin PBXProject section */
		2D2EE4FF22B05AB7008A981A /* Project object */ = {
			isa = PBXProject;
			attributes = {
				LastSwiftUpdateCheck = 1010;
				LastUpgradeCheck = 1010;
				ORGANIZATIONNAME = "Warren Green";
				TargetAttributes = {
					2D2EE50622B05AB7008A981A = {
						CreatedOnToolsVersion = 10.1;
						LastSwiftMigration = 1020;
					};
				};
			};
			buildConfigurationList = 2D2EE50222B05AB7008A981A /* Build configuration list for PBXProject "Brewery_Near_Me" */;
			compatibilityVersion = "Xcode 9.3";
			developmentRegion = en;
			hasScannedForEncodings = 0;
			knownRegions = (
				en,
				Base,
			);
			mainGroup = 2D2EE4FE22B05AB6008A981A;
			productRefGroup = 2D2EE50822B05AB7008A981A /* Products */;
			projectDirPath = "";
			projectRoot = "";
			targets = (
				2D2EE50622B05AB7008A981A /* Brewery_Near_Me */,
			);
		};
/* End PBXProject section */

/* Begin PBXResourcesBuildPhase section */
		2D2EE50522B05AB7008A981A /* Resources */ = {
			isa = PBXResourcesBuildPhase;
			buildActionMask = 2147483647;
			files = (
				2D2EE51522B05AB8008A981A /* LaunchScreen.storyboard in Resources */,
				2D2EE51222B05AB8008A981A /* Assets.xcassets in Resources */,
				2D2EE51022B05AB7008A981A /* Main.storyboard in Resources */,
			);
			runOnlyForDeploymentPostprocessing = 0;
		};
/* End PBXResourcesBuildPhase section */

/* Begin PBXShellScriptBuildPhase section */
		2D91B00422B53AD7005A60A8 /* Format Code */ = {
			isa = PBXShellScriptBuildPhase;
			buildActionMask = 2147483647;
			files = (
			);
			inputFileListPaths = (
			);
			inputPaths = (
			);
			name = "Format Code";
			outputFileListPaths = (
			);
			outputPaths = (
			);
			runOnlyForDeploymentPostprocessing = 0;
			shellPath = /bin/sh;
			shellScript = "# Type a script or drag a script file from your workspace to insert its path.\n${PODS_ROOT}/SwiftFormat/CommandLineTool/swiftformat \"${SRCROOT}/Brewery_Near_Me\"\n";
		};
		F724A0D393D4434DA5D4C6A2 /* [CP] Check Pods Manifest.lock */ = {
			isa = PBXShellScriptBuildPhase;
			buildActionMask = 2147483647;
			files = (
			);
			inputFileListPaths = (
			);
			inputPaths = (
				"${PODS_PODFILE_DIR_PATH}/Podfile.lock",
				"${PODS_ROOT}/Manifest.lock",
			);
			name = "[CP] Check Pods Manifest.lock";
			outputFileListPaths = (
			);
			outputPaths = (
				"$(DERIVED_FILE_DIR)/Pods-Brewery_Near_Me-checkManifestLockResult.txt",
			);
			runOnlyForDeploymentPostprocessing = 0;
			shellPath = /bin/sh;
			shellScript = "diff \"${PODS_PODFILE_DIR_PATH}/Podfile.lock\" \"${PODS_ROOT}/Manifest.lock\" > /dev/null\nif [ $? != 0 ] ; then\n    # print error to STDERR\n    echo \"error: The sandbox is not in sync with the Podfile.lock. Run 'pod install' or update your CocoaPods installation.\" >&2\n    exit 1\nfi\n# This output is used by Xcode 'outputs' to avoid re-running this script phase.\necho \"SUCCESS\" > \"${SCRIPT_OUTPUT_FILE_0}\"\n";
			showEnvVarsInLog = 0;
		};
/* End PBXShellScriptBuildPhase section */

/* Begin PBXSourcesBuildPhase section */
		2D2EE50322B05AB7008A981A /* Sources */ = {
			isa = PBXSourcesBuildPhase;
			buildActionMask = 2147483647;
			files = (
				2D2EE52322B0EA92008A981A /* BreweryTableViewController.swift in Sources */,
				2D2EE52522B0EC7F008A981A /* BreweryCell.swift in Sources */,
				2D2EE52722B1B177008A981A /* BreweryViewController.swift in Sources */,
				2D2EE50D22B05AB7008A981A /* BrewerySearchViewController.swift in Sources */,
				2D4589F422B34413000ED1CC /* AlertController.swift in Sources */,
				2D2EE51D22B0921E008A981A /* BreweryAPI.swift in Sources */,
				2D2EE50B22B05AB7008A981A /* AppDelegate.swift in Sources */,
			);
			runOnlyForDeploymentPostprocessing = 0;
		};
/* End PBXSourcesBuildPhase section */

/* Begin PBXVariantGroup section */
		2D2EE50E22B05AB7008A981A /* Main.storyboard */ = {
			isa = PBXVariantGroup;
			children = (
				2D2EE50F22B05AB7008A981A /* Base */,
			);
			name = Main.storyboard;
			sourceTree = "<group>";
		};
		2D2EE51322B05AB8008A981A /* LaunchScreen.storyboard */ = {
			isa = PBXVariantGroup;
			children = (
				2D2EE51422B05AB8008A981A /* Base */,
			);
			name = LaunchScreen.storyboard;
			sourceTree = "<group>";
		};
/* End PBXVariantGroup section */

/* Begin XCBuildConfiguration section */
		2D2EE51722B05AB9008A981A /* Debug */ = {
			isa = XCBuildConfiguration;
			buildSettings = {
				ALWAYS_SEARCH_USER_PATHS = NO;
				CLANG_ANALYZER_NONNULL = YES;
				CLANG_ANALYZER_NUMBER_OBJECT_CONVERSION = YES_AGGRESSIVE;
				CLANG_CXX_LANGUAGE_STANDARD = "gnu++14";
				CLANG_CXX_LIBRARY = "libc++";
				CLANG_ENABLE_MODULES = YES;
				CLANG_ENABLE_OBJC_ARC = YES;
				CLANG_ENABLE_OBJC_WEAK = YES;
				CLANG_WARN_BLOCK_CAPTURE_AUTORELEASING = YES;
				CLANG_WARN_BOOL_CONVERSION = YES;
				CLANG_WARN_COMMA = YES;
				CLANG_WARN_CONSTANT_CONVERSION = YES;
				CLANG_WARN_DEPRECATED_OBJC_IMPLEMENTATIONS = YES;
				CLANG_WARN_DIRECT_OBJC_ISA_USAGE = YES_ERROR;
				CLANG_WARN_DOCUMENTATION_COMMENTS = YES;
				CLANG_WARN_EMPTY_BODY = YES;
				CLANG_WARN_ENUM_CONVERSION = YES;
				CLANG_WARN_INFINITE_RECURSION = YES;
				CLANG_WARN_INT_CONVERSION = YES;
				CLANG_WARN_NON_LITERAL_NULL_CONVERSION = YES;
				CLANG_WARN_OBJC_IMPLICIT_RETAIN_SELF = YES;
				CLANG_WARN_OBJC_LITERAL_CONVERSION = YES;
				CLANG_WARN_OBJC_ROOT_CLASS = YES_ERROR;
				CLANG_WARN_RANGE_LOOP_ANALYSIS = YES;
				CLANG_WARN_STRICT_PROTOTYPES = YES;
				CLANG_WARN_SUSPICIOUS_MOVE = YES;
				CLANG_WARN_UNGUARDED_AVAILABILITY = YES_AGGRESSIVE;
				CLANG_WARN_UNREACHABLE_CODE = YES;
				CLANG_WARN__DUPLICATE_METHOD_MATCH = YES;
				CODE_SIGN_IDENTITY = "iPhone Developer";
				COPY_PHASE_STRIP = NO;
				DEBUG_INFORMATION_FORMAT = dwarf;
				ENABLE_STRICT_OBJC_MSGSEND = YES;
				ENABLE_TESTABILITY = YES;
				GCC_C_LANGUAGE_STANDARD = gnu11;
				GCC_DYNAMIC_NO_PIC = NO;
				GCC_NO_COMMON_BLOCKS = YES;
				GCC_OPTIMIZATION_LEVEL = 0;
				GCC_PREPROCESSOR_DEFINITIONS = (
					"DEBUG=1",
					"$(inherited)",
				);
				GCC_WARN_64_TO_32_BIT_CONVERSION = YES;
				GCC_WARN_ABOUT_RETURN_TYPE = YES_ERROR;
				GCC_WARN_UNDECLARED_SELECTOR = YES;
				GCC_WARN_UNINITIALIZED_AUTOS = YES_AGGRESSIVE;
				GCC_WARN_UNUSED_FUNCTION = YES;
				GCC_WARN_UNUSED_VARIABLE = YES;
				IPHONEOS_DEPLOYMENT_TARGET = 12.1;
				MTL_ENABLE_DEBUG_INFO = INCLUDE_SOURCE;
				MTL_FAST_MATH = YES;
				ONLY_ACTIVE_ARCH = YES;
				SDKROOT = iphoneos;
				SWIFT_ACTIVE_COMPILATION_CONDITIONS = DEBUG;
				SWIFT_OPTIMIZATION_LEVEL = "-Onone";
			};
			name = Debug;
		};
		2D2EE51822B05AB9008A981A /* Release */ = {
			isa = XCBuildConfiguration;
			buildSettings = {
				ALWAYS_SEARCH_USER_PATHS = NO;
				CLANG_ANALYZER_NONNULL = YES;
				CLANG_ANALYZER_NUMBER_OBJECT_CONVERSION = YES_AGGRESSIVE;
				CLANG_CXX_LANGUAGE_STANDARD = "gnu++14";
				CLANG_CXX_LIBRARY = "libc++";
				CLANG_ENABLE_MODULES = YES;
				CLANG_ENABLE_OBJC_ARC = YES;
				CLANG_ENABLE_OBJC_WEAK = YES;
				CLANG_WARN_BLOCK_CAPTURE_AUTORELEASING = YES;
				CLANG_WARN_BOOL_CONVERSION = YES;
				CLANG_WARN_COMMA = YES;
				CLANG_WARN_CONSTANT_CONVERSION = YES;
				CLANG_WARN_DEPRECATED_OBJC_IMPLEMENTATIONS = YES;
				CLANG_WARN_DIRECT_OBJC_ISA_USAGE = YES_ERROR;
				CLANG_WARN_DOCUMENTATION_COMMENTS = YES;
				CLANG_WARN_EMPTY_BODY = YES;
				CLANG_WARN_ENUM_CONVERSION = YES;
				CLANG_WARN_INFINITE_RECURSION = YES;
				CLANG_WARN_INT_CONVERSION = YES;
				CLANG_WARN_NON_LITERAL_NULL_CONVERSION = YES;
				CLANG_WARN_OBJC_IMPLICIT_RETAIN_SELF = YES;
				CLANG_WARN_OBJC_LITERAL_CONVERSION = YES;
				CLANG_WARN_OBJC_ROOT_CLASS = YES_ERROR;
				CLANG_WARN_RANGE_LOOP_ANALYSIS = YES;
				CLANG_WARN_STRICT_PROTOTYPES = YES;
				CLANG_WARN_SUSPICIOUS_MOVE = YES;
				CLANG_WARN_UNGUARDED_AVAILABILITY = YES_AGGRESSIVE;
				CLANG_WARN_UNREACHABLE_CODE = YES;
				CLANG_WARN__DUPLICATE_METHOD_MATCH = YES;
				CODE_SIGN_IDENTITY = "iPhone Developer";
				COPY_PHASE_STRIP = NO;
				DEBUG_INFORMATION_FORMAT = "dwarf-with-dsym";
				ENABLE_NS_ASSERTIONS = NO;
				ENABLE_STRICT_OBJC_MSGSEND = YES;
				GCC_C_LANGUAGE_STANDARD = gnu11;
				GCC_NO_COMMON_BLOCKS = YES;
				GCC_WARN_64_TO_32_BIT_CONVERSION = YES;
				GCC_WARN_ABOUT_RETURN_TYPE = YES_ERROR;
				GCC_WARN_UNDECLARED_SELECTOR = YES;
				GCC_WARN_UNINITIALIZED_AUTOS = YES_AGGRESSIVE;
				GCC_WARN_UNUSED_FUNCTION = YES;
				GCC_WARN_UNUSED_VARIABLE = YES;
				IPHONEOS_DEPLOYMENT_TARGET = 12.1;
				MTL_ENABLE_DEBUG_INFO = NO;
				MTL_FAST_MATH = YES;
				SDKROOT = iphoneos;
				SWIFT_COMPILATION_MODE = wholemodule;
				SWIFT_OPTIMIZATION_LEVEL = "-O";
				VALIDATE_PRODUCT = YES;
			};
			name = Release;
		};
		2D2EE51A22B05AB9008A981A /* Debug */ = {
			isa = XCBuildConfiguration;
			baseConfigurationReference = 116916CD4FC51D136073507F /* Pods-Brewery_Near_Me.debug.xcconfig */;
			buildSettings = {
				ASSETCATALOG_COMPILER_APPICON_NAME = AppIcon;
				CODE_SIGN_STYLE = Automatic;
				DEVELOPMENT_TEAM = K82WMM4YSB;
				INFOPLIST_FILE = Brewery_Near_Me/Info.plist;
				LD_RUNPATH_SEARCH_PATHS = (
					"$(inherited)",
					"@executable_path/Frameworks",
				);
				PRODUCT_BUNDLE_IDENTIFIER = "edu.richlandcollege.Brewery-Near-Me";
				PRODUCT_NAME = "$(TARGET_NAME)";
				SWIFT_VERSION = 5.0;
				TARGETED_DEVICE_FAMILY = "1,2";
			};
			name = Debug;
		};
		2D2EE51B22B05AB9008A981A /* Release */ = {
			isa = XCBuildConfiguration;
			baseConfigurationReference = E8B9DC4E8583F0D32B9C5683 /* Pods-Brewery_Near_Me.release.xcconfig */;
			buildSettings = {
				ASSETCATALOG_COMPILER_APPICON_NAME = AppIcon;
				CODE_SIGN_STYLE = Automatic;
				DEVELOPMENT_TEAM = K82WMM4YSB;
				INFOPLIST_FILE = Brewery_Near_Me/Info.plist;
				LD_RUNPATH_SEARCH_PATHS = (
					"$(inherited)",
					"@executable_path/Frameworks",
				);
				PRODUCT_BUNDLE_IDENTIFIER = "edu.richlandcollege.Brewery-Near-Me";
				PRODUCT_NAME = "$(TARGET_NAME)";
				SWIFT_VERSION = 5.0;
				TARGETED_DEVICE_FAMILY = "1,2";
			};
			name = Release;
		};
/* End XCBuildConfiguration section */

/* Begin XCConfigurationList section */
		2D2EE50222B05AB7008A981A /* Build configuration list for PBXProject "Brewery_Near_Me" */ = {
			isa = XCConfigurationList;
			buildConfigurations = (
				2D2EE51722B05AB9008A981A /* Debug */,
				2D2EE51822B05AB9008A981A /* Release */,
			);
			defaultConfigurationIsVisible = 0;
			defaultConfigurationName = Release;
		};
		2D2EE51922B05AB9008A981A /* Build configuration list for PBXNativeTarget "Brewery_Near_Me" */ = {
			isa = XCConfigurationList;
			buildConfigurations = (
				2D2EE51A22B05AB9008A981A /* Debug */,
				2D2EE51B22B05AB9008A981A /* Release */,
			);
			defaultConfigurationIsVisible = 0;
			defaultConfigurationName = Release;
		};
/* End XCConfigurationList section */
	};
	rootObject = 2D2EE4FF22B05AB7008A981A /* Project object */;
}
